
Microsoft Visual Studio Solution File, Format Version 12.00
# Visual Studio Version 17
VisualStudioVersion = 17.10.35013.160
MinimumVisualStudioVersion = 10.0.40219.1
Project("{FAE04EC0-301F-11D3-BF4B-00C04F79EFBC}") = "MS2_DVD_API", "MS2_DVD_API\MS2_DVD_API.csproj", "{C746CCE6-1123-4F3A-8B02-8C7F7E2461F6}"
EndProject
Global
	GlobalSection(SolutionConfigurationPlatforms) = preSolution
		Debug|Any CPU = Debug|Any CPU
		Release|Any CPU = Release|Any CPU
	EndGlobalSection
	GlobalSection(ProjectConfigurationPlatforms) = postSolution
		{C746CCE6-1123-4F3A-8B02-8C7F7E2461F6}.Debug|Any CPU.ActiveCfg = Debug|Any CPU
		{C746CCE6-1123-4F3A-8B02-8C7F7E2461F6}.Debug|Any CPU.Build.0 = Debug|Any CPU
		{C746CCE6-1123-4F3A-8B02-8C7F7E2461F6}.Release|Any CPU.ActiveCfg = Release|Any CPU
		{C746CCE6-1123-4F3A-8B02-8C7F7E2461F6}.Release|Any CPU.Build.0 = Release|Any CPU
	EndGlobalSection
	GlobalSection(SolutionProperties) = preSolution
		HideSolutionNode = FALSE
	EndGlobalSection
	GlobalSection(ExtensibilityGlobals) = postSolution
		SolutionGuid = {C745CF27-DE42-4F61-BA13-A42D45F2B45A}
	EndGlobalSection
EndGlobal
